// !$*UTF8*$!
{
	archiveVersion = 1;
	classes = {
	};
	objectVersion = 46;
	objects = {

/* Begin PBXBuildFile section */
		AE46702E2180A4BF00D20404 /* main.m in Sources */ = {isa = PBXBuildFile; fileRef = AE46702D2180A4BF00D20404 /* main.m */; };
		AE4670312180A4BF00D20404 /* AppDelegate.m in Sources */ = {isa = PBXBuildFile; fileRef = AE4670302180A4BF00D20404 /* AppDelegate.m */; };
		AE4670342180A4BF00D20404 /* ViewController.m in Sources */ = {isa = PBXBuildFile; fileRef = AE4670332180A4BF00D20404 /* ViewController.m */; };
		AE4670372180A4BF00D20404 /* Main.storyboard in Resources */ = {isa = PBXBuildFile; fileRef = AE4670352180A4BF00D20404 /* Main.storyboard */; };
		AE4670392180A4BF00D20404 /* Assets.xcassets in Resources */ = {isa = PBXBuildFile; fileRef = AE4670382180A4BF00D20404 /* Assets.xcassets */; };
		AE46703C2180A4BF00D20404 /* LaunchScreen.storyboard in Resources */ = {isa = PBXBuildFile; fileRef = AE46703A2180A4BF00D20404 /* LaunchScreen.storyboard */; };
		AE4670472180A4BF00D20404 /* JSExportTests.m in Sources */ = {isa = PBXBuildFile; fileRef = AE4670462180A4BF00D20404 /* JSExportTests.m */; };
/* End PBXBuildFile section */

/* Begin PBXContainerItemProxy section */
		AE4670432180A4BF00D20404 /* PBXContainerItemProxy */ = {
			isa = PBXContainerItemProxy;
			containerPortal = AE4670212180A4BF00D20404 /* Project object */;
			proxyType = 1;
			remoteGlobalIDString = AE4670282180A4BF00D20404;
			remoteInfo = JSExport;
		};
/* End PBXContainerItemProxy section */

/* Begin PBXFileReference section */
		AE4670292180A4BF00D20404 /* JSExport.app */ = {isa = PBXFileReference; explicitFileType = wrapper.application; includeInIndex = 0; path = JSExport.app; sourceTree = BUILT_PRODUCTS_DIR; };
		AE46702D2180A4BF00D20404 /* main.m */ = {isa = PBXFileReference; lastKnownFileType = sourcecode.c.objc; path = main.m; sourceTree = "<group>"; };
		AE46702F2180A4BF00D20404 /* AppDelegate.h */ = {isa = PBXFileReference; lastKnownFileType = sourcecode.c.h; path = AppDelegate.h; sourceTree = "<group>"; };
		AE4670302180A4BF00D20404 /* AppDelegate.m */ = {isa = PBXFileReference; lastKnownFileType = sourcecode.c.objc; path = AppDelegate.m; sourceTree = "<group>"; };
		AE4670322180A4BF00D20404 /* ViewController.h */ = {isa = PBXFileReference; lastKnownFileType = sourcecode.c.h; path = ViewController.h; sourceTree = "<group>"; };
		AE4670332180A4BF00D20404 /* ViewController.m */ = {isa = PBXFileReference; lastKnownFileType = sourcecode.c.objc; path = ViewController.m; sourceTree = "<group>"; };
		AE4670362180A4BF00D20404 /* Base */ = {isa = PBXFileReference; lastKnownFileType = file.storyboard; name = Base; path = Base.lproj/Main.storyboard; sourceTree = "<group>"; };
		AE4670382180A4BF00D20404 /* Assets.xcassets */ = {isa = PBXFileReference; lastKnownFileType = folder.assetcatalog; path = Assets.xcassets; sourceTree = "<group>"; };
		AE46703B2180A4BF00D20404 /* Base */ = {isa = PBXFileReference; lastKnownFileType = file.storyboard; name = Base; path = Base.lproj/LaunchScreen.storyboard; sourceTree = "<group>"; };
		AE46703D2180A4BF00D20404 /* Info.plist */ = {isa = PBXFileReference; lastKnownFileType = text.plist.xml; path = Info.plist; sourceTree = "<group>"; };
		AE4670422180A4BF00D20404 /* JSExportTests.xctest */ = {isa = PBXFileReference; explicitFileType = wrapper.cfbundle; includeInIndex = 0; path = JSExportTests.xctest; sourceTree = BUILT_PRODUCTS_DIR; };
		AE4670462180A4BF00D20404 /* JSExportTests.m */ = {isa = PBXFileReference; lastKnownFileType = sourcecode.c.objc; path = JSExportTests.m; sourceTree = "<group>"; };
		AE4670482180A4BF00D20404 /* Info.plist */ = {isa = PBXFileReference; lastKnownFileType = text.plist.xml; path = Info.plist; sourceTree = "<group>"; };
/* End PBXFileReference section */

/* Begin PBXFrameworksBuildPhase section */
		AE4670262180A4BF00D20404 /* Frameworks */ = {
			isa = PBXFrameworksBuildPhase;
			buildActionMask = 2147483647;
			files = (
			);
			runOnlyForDeploymentPostprocessing = 0;
		};
		AE46703F2180A4BF00D20404 /* Frameworks */ = {
			isa = PBXFrameworksBuildPhase;
			buildActionMask = 2147483647;
			files = (
			);
			runOnlyForDeploymentPostprocessing = 0;
		};
/* End PBXFrameworksBuildPhase section */

/* Begin PBXGroup section */
		AE4670202180A4BF00D20404 = {
			isa = PBXGroup;
			children = (
				AE46702B2180A4BF00D20404 /* JSExport */,
				AE4670452180A4BF00D20404 /* JSExportTests */,
				AE46702A2180A4BF00D20404 /* Products */,
			);
			sourceTree = "<group>";
		};
		AE46702A2180A4BF00D20404 /* Products */ = {
			isa = PBXGroup;
			children = (
				AE4670292180A4BF00D20404 /* JSExport.app */,
				AE4670422180A4BF00D20404 /* JSExportTests.xctest */,
			);
			name = Products;
			sourceTree = "<group>";
		};
		AE46702B2180A4BF00D20404 /* JSExport */ = {
			isa = PBXGroup;
			children = (
				AE46702F2180A4BF00D20404 /* AppDelegate.h */,
				AE4670302180A4BF00D20404 /* AppDelegate.m */,
				AE4670322180A4BF00D20404 /* ViewController.h */,
				AE4670332180A4BF00D20404 /* ViewController.m */,
				AE4670352180A4BF00D20404 /* Main.storyboard */,
				AE4670382180A4BF00D20404 /* Assets.xcassets */,
				AE46703A2180A4BF00D20404 /* LaunchScreen.storyboard */,
				AE46703D2180A4BF00D20404 /* Info.plist */,
				AE46702C2180A4BF00D20404 /* Supporting Files */,
			);
			path = JSExport;
			sourceTree = "<group>";
		};
		AE46702C2180A4BF00D20404 /* Supporting Files */ = {
			isa = PBXGroup;
			children = (
				AE46702D2180A4BF00D20404 /* main.m */,
			);
			name = "Supporting Files";
			sourceTree = "<group>";
		};
		AE4670452180A4BF00D20404 /* JSExportTests */ = {
			isa = PBXGroup;
			children = (
				AE4670462180A4BF00D20404 /* JSExportTests.m */,
				AE4670482180A4BF00D20404 /* Info.plist */,
			);
			path = JSExportTests;
			sourceTree = "<group>";
		};
/* End PBXGroup section */

/* Begin PBXNativeTarget section */
		AE4670282180A4BF00D20404 /* JSExport */ = {
			isa = PBXNativeTarget;
			buildConfigurationList = AE46704B2180A4BF00D20404 /* Build configuration list for PBXNativeTarget "JSExport" */;
			buildPhases = (
				AE4670252180A4BF00D20404 /* Sources */,
				AE4670262180A4BF00D20404 /* Frameworks */,
				AE4670272180A4BF00D20404 /* Resources */,
			);
			buildRules = (
			);
			dependencies = (
			);
			name = JSExport;
			productName = JSExport;
			productReference = AE4670292180A4BF00D20404 /* JSExport.app */;
			productType = "com.apple.product-type.application";
		};
		AE4670412180A4BF00D20404 /* JSExportTests */ = {
			isa = PBXNativeTarget;
			buildConfigurationList = AE46704E2180A4BF00D20404 /* Build configuration list for PBXNativeTarget "JSExportTests" */;
			buildPhases = (
				AE46703E2180A4BF00D20404 /* Sources */,
				AE46703F2180A4BF00D20404 /* Frameworks */,
				AE4670402180A4BF00D20404 /* Resources */,
			);
			buildRules = (
			);
			dependencies = (
				AE4670442180A4BF00D20404 /* PBXTargetDependency */,
			);
			name = JSExportTests;
			productName = JSExportTests;
			productReference = AE4670422180A4BF00D20404 /* JSExportTests.xctest */;
			productType = "com.apple.product-type.bundle.unit-test";
		};
/* End PBXNativeTarget section */

/* Begin PBXProject section */
		AE4670212180A4BF00D20404 /* Project object */ = {
			isa = PBXProject;
			attributes = {
				LastUpgradeCheck = 0810;
				ORGANIZATIONNAME = "liang wang";
				TargetAttributes = {
					AE4670282180A4BF00D20404 = {
						CreatedOnToolsVersion = 8.1;
						ProvisioningStyle = Automatic;
					};
					AE4670412180A4BF00D20404 = {
						CreatedOnToolsVersion = 8.1;
						ProvisioningStyle = Automatic;
						TestTargetID = AE4670282180A4BF00D20404;
					};
				};
			};
			buildConfigurationList = AE4670242180A4BF00D20404 /* Build configuration list for PBXProject "JSExport" */;
			compatibilityVersion = "Xcode 3.2";
			developmentRegion = English;
			hasScannedForEncodings = 0;
			knownRegions = (
				en,
				Base,
			);
			mainGroup = AE4670202180A4BF00D20404;
			productRefGroup = AE46702A2180A4BF00D20404 /* Products */;
			projectDirPath = "";
			projectRoot = "";
			targets = (
				AE4670282180A4BF00D20404 /* JSExport */,
				AE4670412180A4BF00D20404 /* JSExportTests */,
			);
		};
/* End PBXProject section */

/* Begin PBXResourcesBuildPhase section */
		AE4670272180A4BF00D20404 /* Resources */ = {
			isa = PBXResourcesBuildPhase;
			buildActionMask = 2147483647;
			files = (
				AE46703C2180A4BF00D20404 /* LaunchScreen.storyboard in Resources */,
				AE4670392180A4BF00D20404 /* Assets.xcassets in Resources */,
				AE4670372180A4BF00D20404 /* Main.storyboard in Resources */,
			);
			runOnlyForDeploymentPostprocessing = 0;
		};
		AE4670402180A4BF00D20404 /* Resources */ = {
			isa = PBXResourcesBuildPhase;
			buildActionMask = 2147483647;
			files = (
			);
			runOnlyForDeploymentPostprocessing = 0;
		};
/* End PBXResourcesBuildPhase section */

/* Begin PBXSourcesBuildPhase section */
		AE4670252180A4BF00D20404 /* Sources */ = {
			isa = PBXSourcesBuildPhase;
			buildActionMask = 2147483647;
			files = (
				AE4670342180A4BF00D20404 /* ViewController.m in Sources */,
				AE4670312180A4BF00D20404 /* AppDelegate.m in Sources */,
				AE46702E2180A4BF00D20404 /* main.m in Sources */,
			);
			runOnlyForDeploymentPostprocessing = 0;
		};
		AE46703E2180A4BF00D20404 /* Sources */ = {
			isa = PBXSourcesBuildPhase;
			buildActionMask = 2147483647;
			files = (
				AE4670472180A4BF00D20404 /* JSExportTests.m in Sources */,
			);
			runOnlyForDeploymentPostprocessing = 0;
		};
/* End PBXSourcesBuildPhase section */

/* Begin PBXTargetDependency section */
		AE4670442180A4BF00D20404 /* PBXTargetDependency */ = {
			isa = PBXTargetDependency;
			target = AE4670282180A4BF00D20404 /* JSExport */;
			targetProxy = AE4670432180A4BF00D20404 /* PBXContainerItemProxy */;
		};
/* End PBXTargetDependency section */

/* Begin PBXVariantGroup section */
		AE4670352180A4BF00D20404 /* Main.storyboard */ = {
			isa = PBXVariantGroup;
			children = (
				AE4670362180A4BF00D20404 /* Base */,
			);
			name = Main.storyboard;
			sourceTree = "<group>";
		};
		AE46703A2180A4BF00D20404 /* LaunchScreen.storyboard */ = {
			isa = PBXVariantGroup;
			children = (
				AE46703B2180A4BF00D20404 /* Base */,
			);
			name = LaunchScreen.storyboard;
			sourceTree = "<group>";
		};
/* End PBXVariantGroup section */

/* Begin XCBuildConfiguration section */
		AE4670492180A4BF00D20404 /* Debug */ = {
			isa = XCBuildConfiguration;
			buildSettings = {
				ALWAYS_SEARCH_USER_PATHS = NO;
				CLANG_ANALYZER_NONNULL = YES;
				CLANG_CXX_LANGUAGE_STANDARD = "gnu++0x";
				CLANG_CXX_LIBRARY = "libc++";
				CLANG_ENABLE_MODULES = YES;
				CLANG_ENABLE_OBJC_ARC = YES;
				CLANG_WARN_BOOL_CONVERSION = YES;
				CLANG_WARN_CONSTANT_CONVERSION = YES;
				CLANG_WARN_DIRECT_OBJC_ISA_USAGE = YES_ERROR;
				CLANG_WARN_DOCUMENTATION_COMMENTS = YES;
				CLANG_WARN_EMPTY_BODY = YES;
				CLANG_WARN_ENUM_CONVERSION = YES;
				CLANG_WARN_INFINITE_RECURSION = YES;
				CLANG_WARN_INT_CONVERSION = YES;
				CLANG_WARN_OBJC_ROOT_CLASS = YES_ERROR;
				CLANG_WARN_SUSPICIOUS_MOVES = YES;
				CLANG_WARN_UNREACHABLE_CODE = YES;
				CLANG_WARN__DUPLICATE_METHOD_MATCH = YES;
				"CODE_SIGN_IDENTITY[sdk=iphoneos*]" = "iPhone Developer";
				COPY_PHASE_STRIP = NO;
				DEBUG_INFORMATION_FORMAT = dwarf;
				ENABLE_STRICT_OBJC_MSGSEND = YES;
				ENABLE_TESTABILITY = YES;
				GCC_C_LANGUAGE_STANDARD = gnu99;
				GCC_DYNAMIC_NO_PIC = NO;
				GCC_NO_COMMON_BLOCKS = YES;
				GCC_OPTIMIZATION_LEVEL = 0;
				GCC_PREPROCESSOR_DEFINITIONS = (
					"DEBUG=1",
					"$(inherited)",
				);
				GCC_WARN_64_TO_32_BIT_CONVERSION = YES;
				GCC_WARN_ABOUT_RETURN_TYPE = YES_ERROR;
				GCC_WARN_UNDECLARED_SELECTOR = YES;
				GCC_WARN_UNINITIALIZED_AUTOS = YES_AGGRESSIVE;
				GCC_WARN_UNUSED_FUNCTION = YES;
				GCC_WARN_UNUSED_VARIABLE = YES;
				IPHONEOS_DEPLOYMENT_TARGET = 10.1;
				MTL_ENABLE_DEBUG_INFO = YES;
				ONLY_ACTIVE_ARCH = YES;
				SDKROOT = iphoneos;
				TARGETED_DEVICE_FAMILY = "1,2";
			};
			name = Debug;
		};
		AE46704A2180A4BF00D20404 /* Release */ = {
			isa = XCBuildConfiguration;
			buildSettings = {
				ALWAYS_SEARCH_USER_PATHS = NO;
				CLANG_ANALYZER_NONNULL = YES;
				CLANG_CXX_LANGUAGE_STANDARD = "gnu++0x";
				CLANG_CXX_LIBRARY = "libc++";
				CLANG_ENABLE_MODULES = YES;
				CLANG_ENABLE_OBJC_ARC = YES;
				CLANG_WARN_BOOL_CONVERSION = YES;
				CLANG_WARN_CONSTANT_CONVERSION = YES;
				CLANG_WARN_DIRECT_OBJC_ISA_USAGE = YES_ERROR;
				CLANG_WARN_DOCUMENTATION_COMMENTS = YES;
				CLANG_WARN_EMPTY_BODY = YES;
				CLANG_WARN_ENUM_CONVERSION = YES;
				CLANG_WARN_INFINITE_RECURSION = YES;
				CLANG_WARN_INT_CONVERSION = YES;
				CLANG_WARN_OBJC_ROOT_CLASS = YES_ERROR;
				CLANG_WARN_SUSPICIOUS_MOVES = YES;
				CLANG_WARN_UNREACHABLE_CODE = YES;
				CLANG_WARN__DUPLICATE_METHOD_MATCH = YES;
				"CODE_SIGN_IDENTITY[sdk=iphoneos*]" = "iPhone Developer";
				COPY_PHASE_STRIP = NO;
				DEBUG_INFORMATION_FORMAT = "dwarf-with-dsym";
				ENABLE_NS_ASSERTIONS = NO;
				ENABLE_STRICT_OBJC_MSGSEND = YES;
				GCC_C_LANGUAGE_STANDARD = gnu99;
				GCC_NO_COMMON_BLOCKS = YES;
				GCC_WARN_64_TO_32_BIT_CONVERSION = YES;
				GCC_WARN_ABOUT_RETURN_TYPE = YES_ERROR;
				GCC_WARN_UNDECLARED_SELECTOR = YES;
				GCC_WARN_UNINITIALIZED_AUTOS = YES_AGGRESSIVE;
				GCC_WARN_UNUSED_FUNCTION = YES;
				GCC_WARN_UNUSED_VARIABLE = YES;
				IPHONEOS_DEPLOYMENT_TARGET = 10.1;
				MTL_ENABLE_DEBUG_INFO = NO;
				SDKROOT = iphoneos;
				TARGETED_DEVICE_FAMILY = "1,2";
				VALIDATE_PRODUCT = YES;
			};
			name = Release;
		};
		AE46704C2180A4BF00D20404 /* Debug */ = {
			isa = XCBuildConfiguration;
			buildSettings = {
				ASSETCATALOG_COMPILER_APPICON_NAME = AppIcon;
				INFOPLIST_FILE = JSExport/Info.plist;
				LD_RUNPATH_SEARCH_PATHS = "$(inherited) @executable_path/Frameworks";
				PRODUCT_BUNDLE_IDENTIFIER = com.wangliang.account.JSExport;
				PRODUCT_NAME = "$(TARGET_NAME)";
			};
			name = Debug;
		};
		AE46704D2180A4BF00D20404 /* Release */ = {
			isa = XCBuildConfiguration;
			buildSettings = {
				ASSETCATALOG_COMPILER_APPICON_NAME = AppIcon;
				INFOPLIST_FILE = JSExport/Info.plist;
				LD_RUNPATH_SEARCH_PATHS = "$(inherited) @executable_path/Frameworks";
				PRODUCT_BUNDLE_IDENTIFIER = com.wangliang.account.JSExport;
				PRODUCT_NAME = "$(TARGET_NAME)";
			};
			name = Release;
		};
		AE46704F2180A4BF00D20404 /* Debug */ = {
			isa = XCBuildConfiguration;
			buildSettings = {
				BUNDLE_LOADER = "$(TEST_HOST)";
				INFOPLIST_FILE = JSExportTests/Info.plist;
				LD_RUNPATH_SEARCH_PATHS = "$(inherited) @executable_path/Frameworks @loader_path/Frameworks";
				PRODUCT_BUNDLE_IDENTIFIER = com.wangliang.account.JSExportTests;
				PRODUCT_NAME = "$(TARGET_NAME)";
				TEST_HOST = "$(BUILT_PRODUCTS_DIR)/JSExport.app/JSExport";
			};
			name = Debug;
		};
		AE4670502180A4BF00D20404 /* Release */ = {
			isa = XCBuildConfiguration;
			buildSettings = {
				BUNDLE_LOADER = "$(TEST_HOST)";
				INFOPLIST_FILE = JSExportTests/Info.plist;
				LD_RUNPATH_SEARCH_PATHS = "$(inherited) @executable_path/Frameworks @loader_path/Frameworks";
				PRODUCT_BUNDLE_IDENTIFIER = com.wangliang.account.JSExportTests;
				PRODUCT_NAME = "$(TARGET_NAME)";
				TEST_HOST = "$(BUILT_PRODUCTS_DIR)/JSExport.app/JSExport";
			};
			name = Release;
		};
/* End XCBuildConfiguration section */

/* Begin XCConfigurationList section */
		AE4670242180A4BF00D20404 /* Build configuration list for PBXProject "JSExport" */ = {
			isa = XCConfigurationList;
			buildConfigurations = (
				AE4670492180A4BF00D20404 /* Debug */,
				AE46704A2180A4BF00D20404 /* Release */,
			);
			defaultConfigurationIsVisible = 0;
			defaultConfigurationName = Release;
		};
		AE46704B2180A4BF00D20404 /* Build configuration list for PBXNativeTarget "JSExport" */ = {
			isa = XCConfigurationList;
			buildConfigurations = (
				AE46704C2180A4BF00D20404 /* Debug */,
				AE46704D2180A4BF00D20404 /* Release */,
			);
			defaultConfigurationIsVisible = 0;
		};
		AE46704E2180A4BF00D20404 /* Build configuration list for PBXNativeTarget "JSExportTests" */ = {
			isa = XCConfigurationList;
			buildConfigurations = (
				AE46704F2180A4BF00D20404 /* Debug */,
				AE4670502180A4BF00D20404 /* Release */,
			);
			defaultConfigurationIsVisible = 0;
		};
/* End XCConfigurationList section */
	};
	rootObject = AE4670212180A4BF00D20404 /* Project object */;
}
